
Microsoft Visual Studio Solution File, Format Version 12.00
# Visual Studio Version 17
VisualStudioVersion = 17.10.35027.167
MinimumVisualStudioVersion = 10.0.40219.1
Project("{FAE04EC0-301F-11D3-BF4B-00C04F79EFBC}") = "Exercicio4", "Exercicio4\Exercicio4.csproj", "{F2D04E2B-5F60-4C67-94F5-D8BE643673E2}"
EndProject
Global
	GlobalSection(SolutionConfigurationPlatforms) = preSolution
		Debug|Any CPU = Debug|Any CPU
		Release|Any CPU = Release|Any CPU
	EndGlobalSection
	GlobalSection(ProjectConfigurationPlatforms) = postSolution
		{F2D04E2B-5F60-4C67-94F5-D8BE643673E2}.Debug|Any CPU.ActiveCfg = Debug|Any CPU
		{F2D04E2B-5F60-4C67-94F5-D8BE643673E2}.Debug|Any CPU.Build.0 = Debug|Any CPU
		{F2D04E2B-5F60-4C67-94F5-D8BE643673E2}.Release|Any CPU.ActiveCfg = Release|Any CPU
		{F2D04E2B-5F60-4C67-94F5-D8BE643673E2}.Release|Any CPU.Build.0 = Release|Any CPU
	EndGlobalSection
	GlobalSection(SolutionProperties) = preSolution
		HideSolutionNode = FALSE
	EndGlobalSection
	GlobalSection(ExtensibilityGlobals) = postSolution
		SolutionGuid = {7A89542C-1882-413F-B1E5-4091FF2B2307}
	EndGlobalSection
EndGlobal
